
Microsoft Visual Studio Solution File, Format Version 12.00
# Visual Studio Version 17
VisualStudioVersion = 17.9.34728.123
MinimumVisualStudioVersion = 10.0.40219.1
Project("{2150E333-8FDC-42A3-9474-1A3956D46DE8}") = "src", "src", "{989BFE37-9864-4DB2-A2C0-32DB3BFA45F4}"
EndProject
Project("{2150E333-8FDC-42A3-9474-1A3956D46DE8}") = "User", "User", "{619E55DB-3D88-4807-AEB3-E99A11C7E1BC}"
EndProject
Project("{2150E333-8FDC-42A3-9474-1A3956D46DE8}") = "Product", "Product", "{6D8E2DDC-0FB9-4334-8C68-4EB3A261E5A9}"
EndProject
Project("{2150E333-8FDC-42A3-9474-1A3956D46DE8}") = "Payment", "Payment", "{47F58FFA-7F4F-4AD3-BC83-3A6C56CA76D0}"
EndProject
Project("{2150E333-8FDC-42A3-9474-1A3956D46DE8}") = "Order", "Order", "{E47631B1-E396-445C-A418-CEF1CFC1A21A}"
EndProject
Project("{9A19103F-16F7-4668-BE54-9A1E7A4F7556}") = "User.Domain", "src\User\User.Domain\User.Domain.csproj", "{0F5350B6-50B5-49B6-9943-BCFD586BCDF7}"
EndProject
Project("{9A19103F-16F7-4668-BE54-9A1E7A4F7556}") = "User.API", "src\User\User.API\User.API.csproj", "{7374341A-6214-489F-A53D-C7A1BCC4BB91}"
EndProject
Project("{9A19103F-16F7-4668-BE54-9A1E7A4F7556}") = "User.Infrastructure", "src\User\User.Infrastructure\User.Infrastructure.csproj", "{E3ECF927-0837-4537-A3F1-DA6CB931206E}"
EndProject
Project("{9A19103F-16F7-4668-BE54-9A1E7A4F7556}") = "User.Application", "src\User\User.Application\User.Application.csproj", "{EB831024-9D44-45F3-9EDB-8CAA528B81C4}"
EndProject
Project("{2150E333-8FDC-42A3-9474-1A3956D46DE8}") = "APIGateway", "APIGateway", "{162CB148-BE16-4CFC-837C-92C01AECFED4}"
EndProject
Project("{9A19103F-16F7-4668-BE54-9A1E7A4F7556}") = "APIGateway.UI", "src\APIGateway\APIGateway.UI\APIGateway.UI.csproj", "{272B119D-E686-40E2-93A8-2BB42D542AA1}"
EndProject
Project("{9A19103F-16F7-4668-BE54-9A1E7A4F7556}") = "Product.API", "src\Product\Product.API\Product.API.csproj", "{EF5D1194-ADB2-478A-BA81-8BB18B30BDEF}"
EndProject
Project("{9A19103F-16F7-4668-BE54-9A1E7A4F7556}") = "Payment.API", "src\Payment\Payment.API\Payment.API.csproj", "{64D94845-96FC-419F-84B3-E55D378DE638}"
EndProject
Project("{9A19103F-16F7-4668-BE54-9A1E7A4F7556}") = "Order.API", "src\Order\Order.API\Order.API.csproj", "{CA1EFF9A-482C-4319-8012-9B8FC11B1B9D}"
EndProject
Project("{E53339B2-1760-4266-BCC7-CA923CBCF16C}") = "docker-compose", "docker-compose.dcproj", "{B08F164A-AB34-4EA8-B061-8E4DC80DA995}"
EndProject
Global
	GlobalSection(SolutionConfigurationPlatforms) = preSolution
		Debug|Any CPU = Debug|Any CPU
		Release|Any CPU = Release|Any CPU
	EndGlobalSection
	GlobalSection(ProjectConfigurationPlatforms) = postSolution
		{0F5350B6-50B5-49B6-9943-BCFD586BCDF7}.Debug|Any CPU.ActiveCfg = Debug|Any CPU
		{0F5350B6-50B5-49B6-9943-BCFD586BCDF7}.Debug|Any CPU.Build.0 = Debug|Any CPU
		{0F5350B6-50B5-49B6-9943-BCFD586BCDF7}.Release|Any CPU.ActiveCfg = Release|Any CPU
		{0F5350B6-50B5-49B6-9943-BCFD586BCDF7}.Release|Any CPU.Build.0 = Release|Any CPU
		{7374341A-6214-489F-A53D-C7A1BCC4BB91}.Debug|Any CPU.ActiveCfg = Debug|Any CPU
		{7374341A-6214-489F-A53D-C7A1BCC4BB91}.Debug|Any CPU.Build.0 = Debug|Any CPU
		{7374341A-6214-489F-A53D-C7A1BCC4BB91}.Release|Any CPU.ActiveCfg = Release|Any CPU
		{7374341A-6214-489F-A53D-C7A1BCC4BB91}.Release|Any CPU.Build.0 = Release|Any CPU
		{E3ECF927-0837-4537-A3F1-DA6CB931206E}.Debug|Any CPU.ActiveCfg = Debug|Any CPU
		{E3ECF927-0837-4537-A3F1-DA6CB931206E}.Debug|Any CPU.Build.0 = Debug|Any CPU
		{E3ECF927-0837-4537-A3F1-DA6CB931206E}.Release|Any CPU.ActiveCfg = Release|Any CPU
		{E3ECF927-0837-4537-A3F1-DA6CB931206E}.Release|Any CPU.Build.0 = Release|Any CPU
		{EB831024-9D44-45F3-9EDB-8CAA528B81C4}.Debug|Any CPU.ActiveCfg = Debug|Any CPU
		{EB831024-9D44-45F3-9EDB-8CAA528B81C4}.Debug|Any CPU.Build.0 = Debug|Any CPU
		{EB831024-9D44-45F3-9EDB-8CAA528B81C4}.Release|Any CPU.ActiveCfg = Release|Any CPU
		{EB831024-9D44-45F3-9EDB-8CAA528B81C4}.Release|Any CPU.Build.0 = Release|Any CPU
		{272B119D-E686-40E2-93A8-2BB42D542AA1}.Debug|Any CPU.ActiveCfg = Debug|Any CPU
		{272B119D-E686-40E2-93A8-2BB42D542AA1}.Debug|Any CPU.Build.0 = Debug|Any CPU
		{272B119D-E686-40E2-93A8-2BB42D542AA1}.Release|Any CPU.ActiveCfg = Release|Any CPU
		{272B119D-E686-40E2-93A8-2BB42D542AA1}.Release|Any CPU.Build.0 = Release|Any CPU
		{EF5D1194-ADB2-478A-BA81-8BB18B30BDEF}.Debug|Any CPU.ActiveCfg = Debug|Any CPU
		{EF5D1194-ADB2-478A-BA81-8BB18B30BDEF}.Debug|Any CPU.Build.0 = Debug|Any CPU
		{EF5D1194-ADB2-478A-BA81-8BB18B30BDEF}.Release|Any CPU.ActiveCfg = Release|Any CPU
		{EF5D1194-ADB2-478A-BA81-8BB18B30BDEF}.Release|Any CPU.Build.0 = Release|Any CPU
		{64D94845-96FC-419F-84B3-E55D378DE638}.Debug|Any CPU.ActiveCfg = Debug|Any CPU
		{64D94845-96FC-419F-84B3-E55D378DE638}.Debug|Any CPU.Build.0 = Debug|Any CPU
		{64D94845-96FC-419F-84B3-E55D378DE638}.Release|Any CPU.ActiveCfg = Release|Any CPU
		{64D94845-96FC-419F-84B3-E55D378DE638}.Release|Any CPU.Build.0 = Release|Any CPU
		{CA1EFF9A-482C-4319-8012-9B8FC11B1B9D}.Debug|Any CPU.ActiveCfg = Debug|Any CPU
		{CA1EFF9A-482C-4319-8012-9B8FC11B1B9D}.Debug|Any CPU.Build.0 = Debug|Any CPU
		{CA1EFF9A-482C-4319-8012-9B8FC11B1B9D}.Release|Any CPU.ActiveCfg = Release|Any CPU
		{CA1EFF9A-482C-4319-8012-9B8FC11B1B9D}.Release|Any CPU.Build.0 = Release|Any CPU
		{B08F164A-AB34-4EA8-B061-8E4DC80DA995}.Debug|Any CPU.ActiveCfg = Debug|Any CPU
		{B08F164A-AB34-4EA8-B061-8E4DC80DA995}.Debug|Any CPU.Build.0 = Debug|Any CPU
		{B08F164A-AB34-4EA8-B061-8E4DC80DA995}.Release|Any CPU.ActiveCfg = Release|Any CPU
		{B08F164A-AB34-4EA8-B061-8E4DC80DA995}.Release|Any CPU.Build.0 = Release|Any CPU
	EndGlobalSection
	GlobalSection(SolutionProperties) = preSolution
		HideSolutionNode = FALSE
	EndGlobalSection
	GlobalSection(NestedProjects) = preSolution
		{619E55DB-3D88-4807-AEB3-E99A11C7E1BC} = {989BFE37-9864-4DB2-A2C0-32DB3BFA45F4}
		{6D8E2DDC-0FB9-4334-8C68-4EB3A261E5A9} = {989BFE37-9864-4DB2-A2C0-32DB3BFA45F4}
		{47F58FFA-7F4F-4AD3-BC83-3A6C56CA76D0} = {989BFE37-9864-4DB2-A2C0-32DB3BFA45F4}
		{E47631B1-E396-445C-A418-CEF1CFC1A21A} = {989BFE37-9864-4DB2-A2C0-32DB3BFA45F4}
		{0F5350B6-50B5-49B6-9943-BCFD586BCDF7} = {619E55DB-3D88-4807-AEB3-E99A11C7E1BC}
		{7374341A-6214-489F-A53D-C7A1BCC4BB91} = {619E55DB-3D88-4807-AEB3-E99A11C7E1BC}
		{E3ECF927-0837-4537-A3F1-DA6CB931206E} = {619E55DB-3D88-4807-AEB3-E99A11C7E1BC}
		{EB831024-9D44-45F3-9EDB-8CAA528B81C4} = {619E55DB-3D88-4807-AEB3-E99A11C7E1BC}
		{162CB148-BE16-4CFC-837C-92C01AECFED4} = {989BFE37-9864-4DB2-A2C0-32DB3BFA45F4}
		{272B119D-E686-40E2-93A8-2BB42D542AA1} = {162CB148-BE16-4CFC-837C-92C01AECFED4}
		{EF5D1194-ADB2-478A-BA81-8BB18B30BDEF} = {6D8E2DDC-0FB9-4334-8C68-4EB3A261E5A9}
		{64D94845-96FC-419F-84B3-E55D378DE638} = {47F58FFA-7F4F-4AD3-BC83-3A6C56CA76D0}
		{CA1EFF9A-482C-4319-8012-9B8FC11B1B9D} = {E47631B1-E396-445C-A418-CEF1CFC1A21A}
	EndGlobalSection
	GlobalSection(ExtensibilityGlobals) = postSolution
		SolutionGuid = {1262D194-B3B9-435C-8793-6B7F64ADD9D0}
	EndGlobalSection
EndGlobal
